
Microsoft Visual Studio Solution File, Format Version 12.00
# Visual Studio Version 16
VisualStudioVersion = 16.0.32413.511
MinimumVisualStudioVersion = 10.0.40219.1
Project("{FAE04EC0-301F-11D3-BF4B-00C04F79EFBC}") = "WebAPI", "WebAPI\WebAPI.csproj", "{BD71E802-015F-42B7-91E7-AF3657963947}"
EndProject
Global
	GlobalSection(SolutionConfigurationPlatforms) = preSolution
		Debug|Any CPU = Debug|Any CPU
		Release|Any CPU = Release|Any CPU
	EndGlobalSection
	GlobalSection(ProjectConfigurationPlatforms) = postSolution
		{BD71E802-015F-42B7-91E7-AF3657963947}.Debug|Any CPU.ActiveCfg = Debug|Any CPU
		{BD71E802-015F-42B7-91E7-AF3657963947}.Debug|Any CPU.Build.0 = Debug|Any CPU
		{BD71E802-015F-42B7-91E7-AF3657963947}.Release|Any CPU.ActiveCfg = Release|Any CPU
		{BD71E802-015F-42B7-91E7-AF3657963947}.Release|Any CPU.Build.0 = Release|Any CPU
	EndGlobalSection
	GlobalSection(SolutionProperties) = preSolution
		HideSolutionNode = FALSE
	EndGlobalSection
	GlobalSection(ExtensibilityGlobals) = postSolution
		SolutionGuid = {4FB2D7D0-1713-413A-BE39-4A6ECB2A884D}
	EndGlobalSection
EndGlobal
